<Solution>
  <Folder Name="/src/">
    <Project Path="src/ContractorApp.API/ContractorApp.API.csproj" />
    <Project Path="src/ContractorApp.Application/ContractorApp.Application.csproj" />
    <Project Path="src/ContractorApp.Domain/ContractorApp.Domain.csproj" />
    <Project Path="src/ContractorApp.Infrastructure/ContractorApp.Infrastructure.csproj" />
  </Folder>
</Solution>
